
Microsoft Visual Studio Solution File, Format Version 12.00
# Visual Studio 15
VisualStudioVersion = 15.0.28307.1300
MinimumVisualStudioVersion = 10.0.40219.1
Project("{FAE04EC0-301F-11D3-BF4B-00C04F79EFBC}") = "AirlineReservation1", "AirlineReservation1\AirlineReservation1.csproj", "{3645190C-8588-4B56-9C6A-5E49DA1DCA77}"
EndProject
Global
	GlobalSection(SolutionConfigurationPlatforms) = preSolution
		Debug|Any CPU = Debug|Any CPU
		Release|Any CPU = Release|Any CPU
	EndGlobalSection
	GlobalSection(ProjectConfigurationPlatforms) = postSolution
		{3645190C-8588-4B56-9C6A-5E49DA1DCA77}.Debug|Any CPU.ActiveCfg = Debug|Any CPU
		{3645190C-8588-4B56-9C6A-5E49DA1DCA77}.Debug|Any CPU.Build.0 = Debug|Any CPU
		{3645190C-8588-4B56-9C6A-5E49DA1DCA77}.Release|Any CPU.ActiveCfg = Release|Any CPU
		{3645190C-8588-4B56-9C6A-5E49DA1DCA77}.Release|Any CPU.Build.0 = Release|Any CPU
	EndGlobalSection
	GlobalSection(SolutionProperties) = preSolution
		HideSolutionNode = FALSE
	EndGlobalSection
	GlobalSection(ExtensibilityGlobals) = postSolution
		SolutionGuid = {990E0062-E023-424E-8E37-B1A932F22B0B}
	EndGlobalSection
EndGlobal
